{
  "name": "tej-h9-npm",
  "version": "1.1.0",
  "lockfileVersion": 3,
  "requires": true,
  "packages": {
    "": {
      "name": "tej-h9-npm",
      "version": "1.1.0",
      "license": "ISC"
    },
    "../../../AppData/Roaming/npm/node_modules/tej-h9-npm": {
      "version": "1.0.0",
      "license": "ISC"
    },
    "node_modules/tej-h9-npm": {
      "resolved": "../../../AppData/Roaming/npm/node_modules/tej-h9-npm",
      "link": true
    }
  }
}
